{
  "nodes": {
    "flake-utils": {
      "locked": {
        "lastModified": 1601282935,
        "narHash": "sha256-WQAFV6sGGQxrRs3a+/Yj9xUYvhTpukQJIcMbIi7LCJ4=",
        "owner": "numtide",
        "repo": "flake-utils",
        "rev": "588973065fce51f4763287f0fda87a174d78bf48",
        "type": "github"
      },
      "original": {
        "owner": "numtide",
        "repo": "flake-utils",
        "type": "github"
      }
    },
    "mach-nix": {
      "inputs": {
        "flake-utils": "flake-utils",
        "nixpkgs": [
          "nixpkgs"
        ],
        "pypi-deps-db": [
          "pypi-deps-db"
        ]
      },
      "locked": {
        "lastModified": 1621754806,
        "narHash": "sha256-RvbFjxnnY/+/zEkvQpl85MICmyp9p2EoncjuN80yrYA=",
        "owner": "DavHau",
        "repo": "mach-nix",
        "rev": "773580c35bcdb8cbd0820018d304686282f88d16",
        "type": "github"
      },
      "original": {
        "owner": "DavHau",
        "ref": "3.3.0",
        "repo": "mach-nix",
        "type": "github"
      }
    },
    "nixpkgs": {
      "locked": {
        "lastModified": 1628776130,
        "narHash": "sha256-EyzdilgzoO8YCgck1lkOF1Bp+QVEazJBtuG5GkVY6xg=",
        "owner": "NixOS",
        "repo": "nixpkgs",
        "rev": "ad6e733d633802620b5eec9be91e837973eac18a",
        "type": "github"
      },
      "original": {
        "owner": "NixOS",
        "ref": "release-21.05",
        "repo": "nixpkgs",
        "type": "github"
      }
    },
    "nixpkgsPy36": {
      "locked": {
        "lastModified": 1601475821,
        "narHash": "sha256-7AI8j/xq5slauMGwC3Dp2K9TKDyDtBXBebeyWsE9euE=",
        "owner": "NixOS",
        "repo": "nixpkgs",
        "rev": "b4db68ff563895eea6aab4ff24fa04ef403dfe14",
        "type": "github"
      },
      "original": {
        "id": "nixpkgs",
        "rev": "b4db68ff563895eea6aab4ff24fa04ef403dfe14",
        "type": "indirect"
      }
    },
    "nixpkgs_2": {
      "locked": {
        "lastModified": 1618619705,
        "narHash": "sha256-+yBGazqJxjT+BR00oCNamOgiEFPHBOPkqak7MUYcpBA=",
        "owner": "NixOS",
        "repo": "nixpkgs",
        "rev": "e5cc06a1e806070693add4f231060a62b962fc44",
        "type": "github"
      },
      "original": {
        "id": "nixpkgs",
        "ref": "nixos-unstable",
        "type": "indirect"
      }
    },
    "pypi-deps-db": {
      "inputs": {
        "mach-nix": [
          "mach-nix"
        ],
        "nixpkgs": "nixpkgs_2",
        "nixpkgsPy36": "nixpkgsPy36",
        "pypiIndex": "pypiIndex"
      },
      "locked": {
        "lastModified": 1629100880,
        "narHash": "sha256-redNCt+Y6B6C1MotuId5gDO6Oi3Udr7g8G383TdCMOo=",
        "owner": "DavHau",
        "repo": "pypi-deps-db",
        "rev": "492c818015e151d75226fc709dd68292ef7ac589",
        "type": "github"
      },
      "original": {
        "owner": "DavHau",
        "repo": "pypi-deps-db",
        "type": "github"
      }
    },
    "pypiIndex": {
      "flake": false,
      "locked": {
        "lastModified": 1629090226,
        "narHash": "sha256-iCE0pK3Tpy4TjxmNiFWHL3dw4etc0n4EFlhfoB+nIhU=",
        "owner": "DavHau",
        "repo": "nix-pypi-fetcher",
        "rev": "7e5cb8582fa07bdf0ba2f1077cc2c779bc5cccd6",
        "type": "github"
      },
      "original": {
        "owner": "DavHau",
        "repo": "nix-pypi-fetcher",
        "type": "github"
      }
    },
    "root": {
      "inputs": {
        "mach-nix": "mach-nix",
        "nixpkgs": "nixpkgs",
        "pypi-deps-db": "pypi-deps-db"
      }
    }
  },
  "root": "root",
  "version": 7
}
